
Microsoft Visual Studio Solution File, Format Version 12.00
# Visual Studio Version 17
VisualStudioVersion = 17.7.34009.444
MinimumVisualStudioVersion = 10.0.40219.1
Project("{9A19103F-16F7-4668-BE54-9A1E7A4F7556}") = "AffiliateProgramManagementSystem", "AffiliateProgramManagementSystem\AffiliateProgramManagementSystem.csproj", "{22391ADE-2023-4635-AECA-2BE6235CA3F2}"
EndProject
Project("{9A19103F-16F7-4668-BE54-9A1E7A4F7556}") = "AffiliateProgramManagementSystem.Test", "AffiliateProgramManagementSystem.Test\AffiliateProgramManagementSystem.Test.csproj", "{AE473076-7744-4A32-8EA8-E978EE1E48DC}"
EndProject
Project("{2150E333-8FDC-42A3-9474-1A3956D46DE8}") = "Solution Items", "Solution Items", "{665147AB-80CE-41FC-A364-3A81CFBD6383}"
	ProjectSection(SolutionItems) = preProject
		README.md = README.md
	EndProjectSection
EndProject
Global
	GlobalSection(SolutionConfigurationPlatforms) = preSolution
		Debug|Any CPU = Debug|Any CPU
		Release|Any CPU = Release|Any CPU
	EndGlobalSection
	GlobalSection(ProjectConfigurationPlatforms) = postSolution
		{22391ADE-2023-4635-AECA-2BE6235CA3F2}.Debug|Any CPU.ActiveCfg = Debug|Any CPU
		{22391ADE-2023-4635-AECA-2BE6235CA3F2}.Debug|Any CPU.Build.0 = Debug|Any CPU
		{22391ADE-2023-4635-AECA-2BE6235CA3F2}.Release|Any CPU.ActiveCfg = Release|Any CPU
		{22391ADE-2023-4635-AECA-2BE6235CA3F2}.Release|Any CPU.Build.0 = Release|Any CPU
		{AE473076-7744-4A32-8EA8-E978EE1E48DC}.Debug|Any CPU.ActiveCfg = Debug|Any CPU
		{AE473076-7744-4A32-8EA8-E978EE1E48DC}.Debug|Any CPU.Build.0 = Debug|Any CPU
		{AE473076-7744-4A32-8EA8-E978EE1E48DC}.Release|Any CPU.ActiveCfg = Release|Any CPU
		{AE473076-7744-4A32-8EA8-E978EE1E48DC}.Release|Any CPU.Build.0 = Release|Any CPU
	EndGlobalSection
	GlobalSection(SolutionProperties) = preSolution
		HideSolutionNode = FALSE
	EndGlobalSection
	GlobalSection(ExtensibilityGlobals) = postSolution
		SolutionGuid = {B391D00F-FA85-4A38-B39D-6A2C10D68EC9}
	EndGlobalSection
EndGlobal
